// !$*UTF8*$!
{
	archiveVersion = 1;
	classes = {
	};
	objectVersion = 48;
	objects = {

/* Begin PBXBuildFile section */
		6A15FF4321CD955C0015B272 /* Match.swift in Sources */ = {isa = PBXBuildFile; fileRef = 6A15FF4221CD955C0015B272 /* Match.swift */; };
		6A27354921CB339C00B57CA0 /* Team.swift in Sources */ = {isa = PBXBuildFile; fileRef = 6A27354821CB339C00B57CA0 /* Team.swift */; };
		6A4536092169B84700A25670 /* TimeOutViewController.swift in Sources */ = {isa = PBXBuildFile; fileRef = 6A4536082169B84700A25670 /* TimeOutViewController.swift */; };
		6A45360B2169BA0800A25670 /* CoinTossViewController.swift in Sources */ = {isa = PBXBuildFile; fileRef = 6A45360A2169BA0800A25670 /* CoinTossViewController.swift */; };
		6A45360D216A9ACE00A25670 /* GenInfoViewController.swift in Sources */ = {isa = PBXBuildFile; fileRef = 6A45360C216A9ACE00A25670 /* GenInfoViewController.swift */; };
		6AFD5A752166DE0D00072602 /* AppDelegate.swift in Sources */ = {isa = PBXBuildFile; fileRef = 6AFD5A742166DE0D00072602 /* AppDelegate.swift */; };
		6AFD5A772166DE0D00072602 /* ViewController.swift in Sources */ = {isa = PBXBuildFile; fileRef = 6AFD5A762166DE0D00072602 /* ViewController.swift */; };
		6AFD5A7A2166DE0D00072602 /* Main.storyboard in Resources */ = {isa = PBXBuildFile; fileRef = 6AFD5A782166DE0D00072602 /* Main.storyboard */; };
		6AFD5A7C2166DE0D00072602 /* Assets.xcassets in Resources */ = {isa = PBXBuildFile; fileRef = 6AFD5A7B2166DE0D00072602 /* Assets.xcassets */; };
		6AFD5A7F2166DE0D00072602 /* LaunchScreen.storyboard in Resources */ = {isa = PBXBuildFile; fileRef = 6AFD5A7D2166DE0D00072602 /* LaunchScreen.storyboard */; };
		6AFD5A9D2166DFE100072602 /* SetupMatchViewController.swift in Sources */ = {isa = PBXBuildFile; fileRef = 6AFD5A9C2166DFE100072602 /* SetupMatchViewController.swift */; };
		6AFD5A9F2166E07200072602 /* MatchViewController.swift in Sources */ = {isa = PBXBuildFile; fileRef = 6AFD5A9E2166E07200072602 /* MatchViewController.swift */; };
		6AFD5AA12166E08000072602 /* MatchSummaryViewController.swift in Sources */ = {isa = PBXBuildFile; fileRef = 6AFD5AA02166E08000072602 /* MatchSummaryViewController.swift */; };
/* End PBXBuildFile section */

/* Begin PBXFileReference section */
		6A15FF4221CD955C0015B272 /* Match.swift */ = {isa = PBXFileReference; lastKnownFileType = sourcecode.swift; path = Match.swift; sourceTree = "<group>"; };
		6A27354821CB339C00B57CA0 /* Team.swift */ = {isa = PBXFileReference; lastKnownFileType = sourcecode.swift; path = Team.swift; sourceTree = "<group>"; };
		6A4536082169B84700A25670 /* TimeOutViewController.swift */ = {isa = PBXFileReference; lastKnownFileType = sourcecode.swift; path = TimeOutViewController.swift; sourceTree = "<group>"; };
		6A45360A2169BA0800A25670 /* CoinTossViewController.swift */ = {isa = PBXFileReference; lastKnownFileType = sourcecode.swift; path = CoinTossViewController.swift; sourceTree = "<group>"; };
		6A45360C216A9ACE00A25670 /* GenInfoViewController.swift */ = {isa = PBXFileReference; lastKnownFileType = sourcecode.swift; path = GenInfoViewController.swift; sourceTree = "<group>"; };
		6AFD5A712166DE0D00072602 /* PB_Ref.app */ = {isa = PBXFileReference; explicitFileType = wrapper.application; includeInIndex = 0; path = PB_Ref.app; sourceTree = BUILT_PRODUCTS_DIR; };
		6AFD5A742166DE0D00072602 /* AppDelegate.swift */ = {isa = PBXFileReference; lastKnownFileType = sourcecode.swift; path = AppDelegate.swift; sourceTree = "<group>"; };
		6AFD5A762166DE0D00072602 /* ViewController.swift */ = {isa = PBXFileReference; lastKnownFileType = sourcecode.swift; path = ViewController.swift; sourceTree = "<group>"; };
		6AFD5A792166DE0D00072602 /* Base */ = {isa = PBXFileReference; lastKnownFileType = file.storyboard; name = Base; path = Base.lproj/Main.storyboard; sourceTree = "<group>"; };
		6AFD5A7B2166DE0D00072602 /* Assets.xcassets */ = {isa = PBXFileReference; lastKnownFileType = folder.assetcatalog; path = Assets.xcassets; sourceTree = "<group>"; };
		6AFD5A7E2166DE0D00072602 /* Base */ = {isa = PBXFileReference; lastKnownFileType = file.storyboard; name = Base; path = Base.lproj/LaunchScreen.storyboard; sourceTree = "<group>"; };
		6AFD5A802166DE0D00072602 /* Info.plist */ = {isa = PBXFileReference; lastKnownFileType = text.plist.xml; path = Info.plist; sourceTree = "<group>"; };
		6AFD5A9C2166DFE100072602 /* SetupMatchViewController.swift */ = {isa = PBXFileReference; lastKnownFileType = sourcecode.swift; path = SetupMatchViewController.swift; sourceTree = "<group>"; };
		6AFD5A9E2166E07200072602 /* MatchViewController.swift */ = {isa = PBXFileReference; indentWidth = 5; lastKnownFileType = sourcecode.swift; path = MatchViewController.swift; sourceTree = "<group>"; };
		6AFD5AA02166E08000072602 /* MatchSummaryViewController.swift */ = {isa = PBXFileReference; lastKnownFileType = sourcecode.swift; path = MatchSummaryViewController.swift; sourceTree = "<group>"; };
/* End PBXFileReference section */

/* Begin PBXFrameworksBuildPhase section */
		6AFD5A6E2166DE0D00072602 /* Frameworks */ = {
			isa = PBXFrameworksBuildPhase;
			buildActionMask = 2147483647;
			files = (
			);
			runOnlyForDeploymentPostprocessing = 0;
		};
/* End PBXFrameworksBuildPhase section */

/* Begin PBXGroup section */
		6AEB8E4621DFBA4300605C85 /* Controllers */ = {
			isa = PBXGroup;
			children = (
				6AFD5A762166DE0D00072602 /* ViewController.swift */,
				6AFD5A9C2166DFE100072602 /* SetupMatchViewController.swift */,
				6A45360A2169BA0800A25670 /* CoinTossViewController.swift */,
				6AFD5A9E2166E07200072602 /* MatchViewController.swift */,
				6A4536082169B84700A25670 /* TimeOutViewController.swift */,
				6A45360C216A9ACE00A25670 /* GenInfoViewController.swift */,
				6AFD5AA02166E08000072602 /* MatchSummaryViewController.swift */,
			);
			path = Controllers;
			sourceTree = "<group>";
		};
		6AEB8E4721DFBA6A00605C85 /* Data-Model */ = {
			isa = PBXGroup;
			children = (
				6A15FF4221CD955C0015B272 /* Match.swift */,
				6A27354821CB339C00B57CA0 /* Team.swift */,
			);
			path = "Data-Model";
			sourceTree = "<group>";
		};
		6AFD5A682166DE0D00072602 = {
			isa = PBXGroup;
			children = (
				6AFD5A732166DE0D00072602 /* PB_Ref */,
				6AFD5A722166DE0D00072602 /* Products */,
			);
			sourceTree = "<group>";
		};
		6AFD5A722166DE0D00072602 /* Products */ = {
			isa = PBXGroup;
			children = (
				6AFD5A712166DE0D00072602 /* PB_Ref.app */,
			);
			name = Products;
			sourceTree = "<group>";
		};
		6AFD5A732166DE0D00072602 /* PB_Ref */ = {
			isa = PBXGroup;
			children = (
				6AFD5A742166DE0D00072602 /* AppDelegate.swift */,
				6AEB8E4621DFBA4300605C85 /* Controllers */,
				6AEB8E4721DFBA6A00605C85 /* Data-Model */,
				6AFD5A782166DE0D00072602 /* Main.storyboard */,
				6AFD5A7B2166DE0D00072602 /* Assets.xcassets */,
				6AFD5A7D2166DE0D00072602 /* LaunchScreen.storyboard */,
				6AFD5A802166DE0D00072602 /* Info.plist */,
			);
			path = PB_Ref;
			sourceTree = "<group>";
		};
/* End PBXGroup section */

/* Begin PBXNativeTarget section */
		6AFD5A702166DE0D00072602 /* PB_Ref */ = {
			isa = PBXNativeTarget;
			buildConfigurationList = 6AFD5A832166DE0D00072602 /* Build configuration list for PBXNativeTarget "PB_Ref" */;
			buildPhases = (
				6AFD5A6D2166DE0D00072602 /* Sources */,
				6AFD5A6E2166DE0D00072602 /* Frameworks */,
				6AFD5A6F2166DE0D00072602 /* Resources */,
			);
			buildRules = (
			);
			dependencies = (
			);
			name = PB_Ref;
			productName = PBRef;
			productReference = 6AFD5A712166DE0D00072602 /* PB_Ref.app */;
			productType = "com.apple.product-type.application";
		};
/* End PBXNativeTarget section */

/* Begin PBXProject section */
		6AFD5A692166DE0D00072602 /* Project object */ = {
			isa = PBXProject;
			attributes = {
				LastSwiftUpdateCheck = 0910;
				LastUpgradeCheck = 1000;
				ORGANIZATIONNAME = Kayan;
				TargetAttributes = {
					6AFD5A702166DE0D00072602 = {
						CreatedOnToolsVersion = 9.1;
						LastSwiftMigration = 1000;
						ProvisioningStyle = Automatic;
					};
				};
			};
			buildConfigurationList = 6AFD5A6C2166DE0D00072602 /* Build configuration list for PBXProject "PB_Ref" */;
			compatibilityVersion = "Xcode 8.0";
			developmentRegion = en;
			hasScannedForEncodings = 0;
			knownRegions = (
				en,
				Base,
			);
			mainGroup = 6AFD5A682166DE0D00072602;
			productRefGroup = 6AFD5A722166DE0D00072602 /* Products */;
			projectDirPath = "";
			projectRoot = "";
			targets = (
				6AFD5A702166DE0D00072602 /* PB_Ref */,
			);
		};
/* End PBXProject section */

/* Begin PBXResourcesBuildPhase section */
		6AFD5A6F2166DE0D00072602 /* Resources */ = {
			isa = PBXResourcesBuildPhase;
			buildActionMask = 2147483647;
			files = (
				6AFD5A7F2166DE0D00072602 /* LaunchScreen.storyboard in Resources */,
				6AFD5A7C2166DE0D00072602 /* Assets.xcassets in Resources */,
				6AFD5A7A2166DE0D00072602 /* Main.storyboard in Resources */,
			);
			runOnlyForDeploymentPostprocessing = 0;
		};
/* End PBXResourcesBuildPhase section */

/* Begin PBXSourcesBuildPhase section */
		6AFD5A6D2166DE0D00072602 /* Sources */ = {
			isa = PBXSourcesBuildPhase;
			buildActionMask = 2147483647;
			files = (
				6A27354921CB339C00B57CA0 /* Team.swift in Sources */,
				6A15FF4321CD955C0015B272 /* Match.swift in Sources */,
				6A45360B2169BA0800A25670 /* CoinTossViewController.swift in Sources */,
				6AFD5A9F2166E07200072602 /* MatchViewController.swift in Sources */,
				6A45360D216A9ACE00A25670 /* GenInfoViewController.swift in Sources */,
				6A4536092169B84700A25670 /* TimeOutViewController.swift in Sources */,
				6AFD5A9D2166DFE100072602 /* SetupMatchViewController.swift in Sources */,
				6AFD5AA12166E08000072602 /* MatchSummaryViewController.swift in Sources */,
				6AFD5A772166DE0D00072602 /* ViewController.swift in Sources */,
				6AFD5A752166DE0D00072602 /* AppDelegate.swift in Sources */,
			);
			runOnlyForDeploymentPostprocessing = 0;
		};
/* End PBXSourcesBuildPhase section */

/* Begin PBXVariantGroup section */
		6AFD5A782166DE0D00072602 /* Main.storyboard */ = {
			isa = PBXVariantGroup;
			children = (
				6AFD5A792166DE0D00072602 /* Base */,
			);
			name = Main.storyboard;
			sourceTree = "<group>";
		};
		6AFD5A7D2166DE0D00072602 /* LaunchScreen.storyboard */ = {
			isa = PBXVariantGroup;
			children = (
				6AFD5A7E2166DE0D00072602 /* Base */,
			);
			name = LaunchScreen.storyboard;
			sourceTree = "<group>";
		};
/* End PBXVariantGroup section */

/* Begin XCBuildConfiguration section */
		6AFD5A812166DE0D00072602 /* Debug */ = {
			isa = XCBuildConfiguration;
			buildSettings = {
				ALWAYS_SEARCH_USER_PATHS = NO;
				CLANG_ANALYZER_NONNULL = YES;
				CLANG_ANALYZER_NUMBER_OBJECT_CONVERSION = YES_AGGRESSIVE;
				CLANG_CXX_LANGUAGE_STANDARD = "gnu++14";
				CLANG_CXX_LIBRARY = "libc++";
				CLANG_ENABLE_MODULES = YES;
				CLANG_ENABLE_OBJC_ARC = YES;
				CLANG_WARN_BLOCK_CAPTURE_AUTORELEASING = YES;
				CLANG_WARN_BOOL_CONVERSION = YES;
				CLANG_WARN_COMMA = YES;
				CLANG_WARN_CONSTANT_CONVERSION = YES;
				CLANG_WARN_DEPRECATED_OBJC_IMPLEMENTATIONS = YES;
				CLANG_WARN_DIRECT_OBJC_ISA_USAGE = YES_ERROR;
				CLANG_WARN_DOCUMENTATION_COMMENTS = YES;
				CLANG_WARN_EMPTY_BODY = YES;
				CLANG_WARN_ENUM_CONVERSION = YES;
				CLANG_WARN_INFINITE_RECURSION = YES;
				CLANG_WARN_INT_CONVERSION = YES;
				CLANG_WARN_NON_LITERAL_NULL_CONVERSION = YES;
				CLANG_WARN_OBJC_IMPLICIT_RETAIN_SELF = YES;
				CLANG_WARN_OBJC_LITERAL_CONVERSION = YES;
				CLANG_WARN_OBJC_ROOT_CLASS = YES_ERROR;
				CLANG_WARN_RANGE_LOOP_ANALYSIS = YES;
				CLANG_WARN_STRICT_PROTOTYPES = YES;
				CLANG_WARN_SUSPICIOUS_MOVE = YES;
				CLANG_WARN_UNGUARDED_AVAILABILITY = YES_AGGRESSIVE;
				CLANG_WARN_UNREACHABLE_CODE = YES;
				CLANG_WARN__DUPLICATE_METHOD_MATCH = YES;
				CODE_SIGN_IDENTITY = "iPhone Developer";
				COPY_PHASE_STRIP = NO;
				DEBUG_INFORMATION_FORMAT = dwarf;
				ENABLE_STRICT_OBJC_MSGSEND = YES;
				ENABLE_TESTABILITY = YES;
				GCC_C_LANGUAGE_STANDARD = gnu11;
				GCC_DYNAMIC_NO_PIC = NO;
				GCC_NO_COMMON_BLOCKS = YES;
				GCC_OPTIMIZATION_LEVEL = 0;
				GCC_PREPROCESSOR_DEFINITIONS = (
					"DEBUG=1",
					"$(inherited)",
				);
				GCC_WARN_64_TO_32_BIT_CONVERSION = YES;
				GCC_WARN_ABOUT_RETURN_TYPE = YES_ERROR;
				GCC_WARN_UNDECLARED_SELECTOR = YES;
				GCC_WARN_UNINITIALIZED_AUTOS = YES_AGGRESSIVE;
				GCC_WARN_UNUSED_FUNCTION = YES;
				GCC_WARN_UNUSED_VARIABLE = YES;
				IPHONEOS_DEPLOYMENT_TARGET = 11.1;
				MTL_ENABLE_DEBUG_INFO = YES;
				ONLY_ACTIVE_ARCH = YES;
				SDKROOT = iphoneos;
				SWIFT_ACTIVE_COMPILATION_CONDITIONS = DEBUG;
				SWIFT_OPTIMIZATION_LEVEL = "-Onone";
			};
			name = Debug;
		};
		6AFD5A822166DE0D00072602 /* Release */ = {
			isa = XCBuildConfiguration;
			buildSettings = {
				ALWAYS_SEARCH_USER_PATHS = NO;
				CLANG_ANALYZER_NONNULL = YES;
				CLANG_ANALYZER_NUMBER_OBJECT_CONVERSION = YES_AGGRESSIVE;
				CLANG_CXX_LANGUAGE_STANDARD = "gnu++14";
				CLANG_CXX_LIBRARY = "libc++";
				CLANG_ENABLE_MODULES = YES;
				CLANG_ENABLE_OBJC_ARC = YES;
				CLANG_WARN_BLOCK_CAPTURE_AUTORELEASING = YES;
				CLANG_WARN_BOOL_CONVERSION = YES;
				CLANG_WARN_COMMA = YES;
				CLANG_WARN_CONSTANT_CONVERSION = YES;
				CLANG_WARN_DEPRECATED_OBJC_IMPLEMENTATIONS = YES;
				CLANG_WARN_DIRECT_OBJC_ISA_USAGE = YES_ERROR;
				CLANG_WARN_DOCUMENTATION_COMMENTS = YES;
				CLANG_WARN_EMPTY_BODY = YES;
				CLANG_WARN_ENUM_CONVERSION = YES;
				CLANG_WARN_INFINITE_RECURSION = YES;
				CLANG_WARN_INT_CONVERSION = YES;
				CLANG_WARN_NON_LITERAL_NULL_CONVERSION = YES;
				CLANG_WARN_OBJC_IMPLICIT_RETAIN_SELF = YES;
				CLANG_WARN_OBJC_LITERAL_CONVERSION = YES;
				CLANG_WARN_OBJC_ROOT_CLASS = YES_ERROR;
				CLANG_WARN_RANGE_LOOP_ANALYSIS = YES;
				CLANG_WARN_STRICT_PROTOTYPES = YES;
				CLANG_WARN_SUSPICIOUS_MOVE = YES;
				CLANG_WARN_UNGUARDED_AVAILABILITY = YES_AGGRESSIVE;
				CLANG_WARN_UNREACHABLE_CODE = YES;
				CLANG_WARN__DUPLICATE_METHOD_MATCH = YES;
				CODE_SIGN_IDENTITY = "iPhone Developer";
				COPY_PHASE_STRIP = NO;
				DEBUG_INFORMATION_FORMAT = "dwarf-with-dsym";
				ENABLE_NS_ASSERTIONS = NO;
				ENABLE_STRICT_OBJC_MSGSEND = YES;
				GCC_C_LANGUAGE_STANDARD = gnu11;
				GCC_NO_COMMON_BLOCKS = YES;
				GCC_WARN_64_TO_32_BIT_CONVERSION = YES;
				GCC_WARN_ABOUT_RETURN_TYPE = YES_ERROR;
				GCC_WARN_UNDECLARED_SELECTOR = YES;
				GCC_WARN_UNINITIALIZED_AUTOS = YES_AGGRESSIVE;
				GCC_WARN_UNUSED_FUNCTION = YES;
				GCC_WARN_UNUSED_VARIABLE = YES;
				IPHONEOS_DEPLOYMENT_TARGET = 11.1;
				MTL_ENABLE_DEBUG_INFO = NO;
				SDKROOT = iphoneos;
				SWIFT_OPTIMIZATION_LEVEL = "-Owholemodule";
				VALIDATE_PRODUCT = YES;
			};
			name = Release;
		};
		6AFD5A842166DE0D00072602 /* Debug */ = {
			isa = XCBuildConfiguration;
			buildSettings = {
				ASSETCATALOG_COMPILER_APPICON_NAME = AppIcon;
				CODE_SIGN_STYLE = Automatic;
				DEVELOPMENT_TEAM = 4H8TN973K6;
				INFOPLIST_FILE = "$(SRCROOT)/PB_Ref/Info.plist";
				LD_RUNPATH_SEARCH_PATHS = "$(inherited) @executable_path/Frameworks";
				PRODUCT_BUNDLE_IDENTIFIER = com.kayankode.PBRef;
				PRODUCT_NAME = "$(TARGET_NAME)";
				SWIFT_VERSION = 4.2;
				TARGETED_DEVICE_FAMILY = 1;
			};
			name = Debug;
		};
		6AFD5A852166DE0D00072602 /* Release */ = {
			isa = XCBuildConfiguration;
			buildSettings = {
				ASSETCATALOG_COMPILER_APPICON_NAME = AppIcon;
				CODE_SIGN_STYLE = Automatic;
				DEVELOPMENT_TEAM = 4H8TN973K6;
				INFOPLIST_FILE = "$(SRCROOT)/PB_Ref/Info.plist";
				LD_RUNPATH_SEARCH_PATHS = "$(inherited) @executable_path/Frameworks";
				PRODUCT_BUNDLE_IDENTIFIER = com.kayankode.PBRef;
				PRODUCT_NAME = "$(TARGET_NAME)";
				SWIFT_VERSION = 4.2;
				TARGETED_DEVICE_FAMILY = 1;
			};
			name = Release;
		};
/* End XCBuildConfiguration section */

/* Begin XCConfigurationList section */
		6AFD5A6C2166DE0D00072602 /* Build configuration list for PBXProject "PB_Ref" */ = {
			isa = XCConfigurationList;
			buildConfigurations = (
				6AFD5A812166DE0D00072602 /* Debug */,
				6AFD5A822166DE0D00072602 /* Release */,
			);
			defaultConfigurationIsVisible = 0;
			defaultConfigurationName = Release;
		};
		6AFD5A832166DE0D00072602 /* Build configuration list for PBXNativeTarget "PB_Ref" */ = {
			isa = XCConfigurationList;
			buildConfigurations = (
				6AFD5A842166DE0D00072602 /* Debug */,
				6AFD5A852166DE0D00072602 /* Release */,
			);
			defaultConfigurationIsVisible = 0;
			defaultConfigurationName = Release;
		};
/* End XCConfigurationList section */
	};
	rootObject = 6AFD5A692166DE0D00072602 /* Project object */;
}
